<?xml version="1.0" encoding="UTF-8"?>
<!DOCTYPE plist PUBLIC "-//Apple//DTD PLIST 1.0//EN" "http://www.apple.com/DTDs/PropertyList-1.0.dtd">
<plist version="1.0">
<dict>
	<key>archiveVersion</key>
	<string>1</string>
	<key>classes</key>
	<dict/>
	<key>objectVersion</key>
	<string>46</string>
	<key>objects</key>
	<dict>
		<key>2AF43A1CEA5240518519551D</key>
		<dict>
			<key>buildActionMask</key>
			<string>2147483647</string>
			<key>files</key>
			<array/>
			<key>inputPaths</key>
			<array/>
			<key>isa</key>
			<string>PBXShellScriptBuildPhase</string>
			<key>name</key>
			<string>Check Pods Manifest.lock</string>
			<key>outputPaths</key>
			<array/>
			<key>runOnlyForDeploymentPostprocessing</key>
			<string>0</string>
			<key>shellPath</key>
			<string>/bin/sh</string>
			<key>shellScript</key>
			<string>diff "${PODS_ROOT}/../Podfile.lock" "${PODS_ROOT}/Manifest.lock" &gt; /dev/null
if [[ $? != 0 ]] ; then
    cat &lt;&lt; EOM
error: The sandbox is not in sync with the Podfile.lock. Run 'pod install' or update your CocoaPods installation.
EOM
    exit 1
fi
</string>
			<key>showEnvVarsInLog</key>
			<string>0</string>
		</dict>
		<key>2FD3154E5E2B44E49188D387</key>
		<dict>
			<key>includeInIndex</key>
			<string>1</string>
			<key>isa</key>
			<string>PBXFileReference</string>
			<key>lastKnownFileType</key>
			<string>text.xcconfig</string>
			<key>name</key>
			<string>Pods-MeekanSDK.xcconfig</string>
			<key>path</key>
			<string>Pods/Pods-MeekanSDK.xcconfig</string>
			<key>sourceTree</key>
			<string>&lt;group&gt;</string>
		</dict>
		<key>48BDCDF518694913897EA13F</key>
		<dict>
			<key>explicitFileType</key>
			<string>archive.ar</string>
			<key>includeInIndex</key>
			<string>0</string>
			<key>isa</key>
			<string>PBXFileReference</string>
			<key>path</key>
			<string>libPods-MeekanSDK.a</string>
			<key>sourceTree</key>
			<string>BUILT_PRODUCTS_DIR</string>
		</dict>
		<key>73E60417EABC471BB87B43D1</key>
		<dict>
			<key>fileRef</key>
			<string>48BDCDF518694913897EA13F</string>
			<key>isa</key>
			<string>PBXBuildFile</string>
		</dict>
		<key>C160FAD9500748399B3E7517</key>
		<dict>
			<key>buildActionMask</key>
			<string>2147483647</string>
			<key>files</key>
			<array/>
			<key>inputPaths</key>
			<array/>
			<key>isa</key>
			<string>PBXShellScriptBuildPhase</string>
			<key>name</key>
			<string>Copy Pods Resources</string>
			<key>outputPaths</key>
			<array/>
			<key>runOnlyForDeploymentPostprocessing</key>
			<string>0</string>
			<key>shellPath</key>
			<string>/bin/sh</string>
			<key>shellScript</key>
			<string>"${SRCROOT}/Pods/Pods-MeekanSDK-resources.sh"
</string>
			<key>showEnvVarsInLog</key>
			<string>0</string>
		</dict>
		<key>D7F23B5919AC6A9600F3EE7B</key>
		<dict>
			<key>children</key>
			<array>
				<string>D7F23B6719AC6A9600F3EE7B</string>
				<string>D7F23B7B19AC6A9600F3EE7B</string>
				<string>D7F23B6419AC6A9600F3EE7B</string>
				<string>D7F23B6319AC6A9600F3EE7B</string>
				<string>2FD3154E5E2B44E49188D387</string>
			</array>
			<key>isa</key>
			<string>PBXGroup</string>
			<key>sourceTree</key>
			<string>&lt;group&gt;</string>
		</dict>
		<key>D7F23B5A19AC6A9600F3EE7B</key>
		<dict>
			<key>attributes</key>
			<dict>
				<key>LastUpgradeCheck</key>
				<string>0510</string>
				<key>ORGANIZATIONNAME</key>
				<string>Meekan</string>
			</dict>
			<key>buildConfigurationList</key>
			<string>D7F23B5D19AC6A9600F3EE7B</string>
			<key>compatibilityVersion</key>
			<string>Xcode 3.2</string>
			<key>developmentRegion</key>
			<string>English</string>
			<key>hasScannedForEncodings</key>
			<string>0</string>
			<key>isa</key>
			<string>PBXProject</string>
			<key>knownRegions</key>
			<array>
				<string>en</string>
			</array>
			<key>mainGroup</key>
			<string>D7F23B5919AC6A9600F3EE7B</string>
			<key>productRefGroup</key>
			<string>D7F23B6319AC6A9600F3EE7B</string>
			<key>projectDirPath</key>
			<string></string>
			<key>projectReferences</key>
			<array/>
			<key>projectRoot</key>
			<string></string>
			<key>targets</key>
			<array>
				<string>D7F23B6119AC6A9600F3EE7B</string>
				<string>D7F23B7119AC6A9600F3EE7B</string>
			</array>
		</dict>
		<key>D7F23B5D19AC6A9600F3EE7B</key>
		<dict>
			<key>buildConfigurations</key>
			<array>
				<string>D7F23B8319AC6A9600F3EE7B</string>
				<string>D7F23B8419AC6A9600F3EE7B</string>
			</array>
			<key>defaultConfigurationIsVisible</key>
			<string>0</string>
			<key>defaultConfigurationName</key>
			<string>Release</string>
			<key>isa</key>
			<string>XCConfigurationList</string>
		</dict>
		<key>D7F23B5E19AC6A9600F3EE7B</key>
		<dict>
			<key>buildActionMask</key>
			<string>2147483647</string>
			<key>files</key>
			<array>
				<string>D7F23B6D19AC6A9600F3EE7B</string>
			</array>
			<key>isa</key>
			<string>PBXSourcesBuildPhase</string>
			<key>runOnlyForDeploymentPostprocessing</key>
			<string>0</string>
		</dict>
		<key>D7F23B5F19AC6A9600F3EE7B</key>
		<dict>
			<key>buildActionMask</key>
			<string>2147483647</string>
			<key>files</key>
			<array>
				<string>D7F23B6619AC6A9600F3EE7B</string>
				<string>73E60417EABC471BB87B43D1</string>
			</array>
			<key>isa</key>
			<string>PBXFrameworksBuildPhase</string>
			<key>runOnlyForDeploymentPostprocessing</key>
			<string>0</string>
		</dict>
		<key>D7F23B6019AC6A9600F3EE7B</key>
		<dict>
			<key>buildActionMask</key>
			<string>2147483647</string>
			<key>dstPath</key>
			<string>include/$(PRODUCT_NAME)</string>
			<key>dstSubfolderSpec</key>
			<string>16</string>
			<key>files</key>
			<array>
				<string>D7F23B6B19AC6A9600F3EE7B</string>
			</array>
			<key>isa</key>
			<string>PBXCopyFilesBuildPhase</string>
			<key>runOnlyForDeploymentPostprocessing</key>
			<string>0</string>
		</dict>
		<key>D7F23B6119AC6A9600F3EE7B</key>
		<dict>
			<key>buildConfigurationList</key>
			<string>D7F23B8519AC6A9600F3EE7B</string>
			<key>buildPhases</key>
			<array>
				<string>2AF43A1CEA5240518519551D</string>
				<string>D7F23B5E19AC6A9600F3EE7B</string>
				<string>D7F23B5F19AC6A9600F3EE7B</string>
				<string>D7F23B6019AC6A9600F3EE7B</string>
				<string>C160FAD9500748399B3E7517</string>
			</array>
			<key>buildRules</key>
			<array/>
			<key>dependencies</key>
			<array/>
			<key>isa</key>
			<string>PBXNativeTarget</string>
			<key>name</key>
			<string>MeekanSDK</string>
			<key>productName</key>
			<string>MeekanSDK</string>
			<key>productReference</key>
			<string>D7F23B6219AC6A9600F3EE7B</string>
			<key>productType</key>
			<string>com.apple.product-type.library.static</string>
		</dict>
		<key>D7F23B6219AC6A9600F3EE7B</key>
		<dict>
			<key>explicitFileType</key>
			<string>archive.ar</string>
			<key>includeInIndex</key>
			<string>0</string>
			<key>isa</key>
			<string>PBXFileReference</string>
			<key>path</key>
			<string>libMeekanSDK.a</string>
			<key>sourceTree</key>
			<string>BUILT_PRODUCTS_DIR</string>
		</dict>
		<key>D7F23B6319AC6A9600F3EE7B</key>
		<dict>
			<key>children</key>
			<array>
				<string>D7F23B6219AC6A9600F3EE7B</string>
				<string>D7F23B7219AC6A9600F3EE7B</string>
			</array>
			<key>isa</key>
			<string>PBXGroup</string>
			<key>name</key>
			<string>Products</string>
			<key>sourceTree</key>
			<string>&lt;group&gt;</string>
		</dict>
		<key>D7F23B6419AC6A9600F3EE7B</key>
		<dict>
			<key>children</key>
			<array>
				<string>D7F23B6519AC6A9600F3EE7B</string>
				<string>D7F23B7319AC6A9600F3EE7B</string>
				<string>D7F23B7619AC6A9600F3EE7B</string>
				<string>48BDCDF518694913897EA13F</string>
			</array>
			<key>isa</key>
			<string>PBXGroup</string>
			<key>name</key>
			<string>Frameworks</string>
			<key>sourceTree</key>
			<string>&lt;group&gt;</string>
		</dict>
		<key>D7F23B6519AC6A9600F3EE7B</key>
		<dict>
			<key>isa</key>
			<string>PBXFileReference</string>
			<key>lastKnownFileType</key>
			<string>wrapper.framework</string>
			<key>name</key>
			<string>Foundation.framework</string>
			<key>path</key>
			<string>System/Library/Frameworks/Foundation.framework</string>
			<key>sourceTree</key>
			<string>SDKROOT</string>
		</dict>
		<key>D7F23B6619AC6A9600F3EE7B</key>
		<dict>
			<key>fileRef</key>
			<string>D7F23B6519AC6A9600F3EE7B</string>
			<key>isa</key>
			<string>PBXBuildFile</string>
		</dict>
		<key>D7F23B6719AC6A9600F3EE7B</key>
		<dict>
			<key>children</key>
			<array>
				<string>D7F23B6A19AC6A9600F3EE7B</string>
				<string>D7F23B6C19AC6A9600F3EE7B</string>
				<string>D7F23B6819AC6A9600F3EE7B</string>
			</array>
			<key>isa</key>
			<string>PBXGroup</string>
			<key>path</key>
			<string>MeekanSDK</string>
			<key>sourceTree</key>
			<string>&lt;group&gt;</string>
		</dict>
		<key>D7F23B6819AC6A9600F3EE7B</key>
		<dict>
			<key>children</key>
			<array>
				<string>D7F23B6919AC6A9600F3EE7B</string>
			</array>
			<key>isa</key>
			<string>PBXGroup</string>
			<key>name</key>
			<string>Supporting Files</string>
			<key>sourceTree</key>
			<string>&lt;group&gt;</string>
		</dict>
		<key>D7F23B6919AC6A9600F3EE7B</key>
		<dict>
			<key>isa</key>
			<string>PBXFileReference</string>
			<key>lastKnownFileType</key>
			<string>sourcecode.c.h</string>
			<key>path</key>
			<string>MeekanSDK-Prefix.pch</string>
			<key>sourceTree</key>
			<string>&lt;group&gt;</string>
		</dict>
		<key>D7F23B6A19AC6A9600F3EE7B</key>
		<dict>
			<key>isa</key>
			<string>PBXFileReference</string>
			<key>lastKnownFileType</key>
			<string>sourcecode.c.h</string>
			<key>path</key>
			<string>MeekanSDK.h</string>
			<key>sourceTree</key>
			<string>&lt;group&gt;</string>
		</dict>
		<key>D7F23B6B19AC6A9600F3EE7B</key>
		<dict>
			<key>fileRef</key>
			<string>D7F23B6A19AC6A9600F3EE7B</string>
			<key>isa</key>
			<string>PBXBuildFile</string>
		</dict>
		<key>D7F23B6C19AC6A9600F3EE7B</key>
		<dict>
			<key>isa</key>
			<string>PBXFileReference</string>
			<key>lastKnownFileType</key>
			<string>sourcecode.c.objc</string>
			<key>path</key>
			<string>MeekanSDK.m</string>
			<key>sourceTree</key>
			<string>&lt;group&gt;</string>
		</dict>
		<key>D7F23B6D19AC6A9600F3EE7B</key>
		<dict>
			<key>fileRef</key>
			<string>D7F23B6C19AC6A9600F3EE7B</string>
			<key>isa</key>
			<string>PBXBuildFile</string>
		</dict>
		<key>D7F23B6E19AC6A9600F3EE7B</key>
		<dict>
			<key>buildActionMask</key>
			<string>2147483647</string>
			<key>files</key>
			<array>
				<string>D7F23B8219AC6A9600F3EE7B</string>
			</array>
			<key>isa</key>
			<string>PBXSourcesBuildPhase</string>
			<key>runOnlyForDeploymentPostprocessing</key>
			<string>0</string>
		</dict>
		<key>D7F23B6F19AC6A9600F3EE7B</key>
		<dict>
			<key>buildActionMask</key>
			<string>2147483647</string>
			<key>files</key>
			<array>
				<string>D7F23B7419AC6A9600F3EE7B</string>
				<string>D7F23B7719AC6A9600F3EE7B</string>
				<string>D7F23B7519AC6A9600F3EE7B</string>
				<string>D7F23B7A19AC6A9600F3EE7B</string>
			</array>
			<key>isa</key>
			<string>PBXFrameworksBuildPhase</string>
			<key>runOnlyForDeploymentPostprocessing</key>
			<string>0</string>
		</dict>
		<key>D7F23B7019AC6A9600F3EE7B</key>
		<dict>
			<key>buildActionMask</key>
			<string>2147483647</string>
			<key>files</key>
			<array>
				<string>D7F23B8019AC6A9600F3EE7B</string>
			</array>
			<key>isa</key>
			<string>PBXResourcesBuildPhase</string>
			<key>runOnlyForDeploymentPostprocessing</key>
			<string>0</string>
		</dict>
		<key>D7F23B7119AC6A9600F3EE7B</key>
		<dict>
			<key>buildConfigurationList</key>
			<string>D7F23B8819AC6A9600F3EE7B</string>
			<key>buildPhases</key>
			<array>
				<string>D7F23B6E19AC6A9600F3EE7B</string>
				<string>D7F23B6F19AC6A9600F3EE7B</string>
				<string>D7F23B7019AC6A9600F3EE7B</string>
			</array>
			<key>buildRules</key>
			<array/>
			<key>dependencies</key>
			<array>
				<string>D7F23B7919AC6A9600F3EE7B</string>
			</array>
			<key>isa</key>
			<string>PBXNativeTarget</string>
			<key>name</key>
			<string>MeekanSDKTests</string>
			<key>productName</key>
			<string>MeekanSDKTests</string>
			<key>productReference</key>
			<string>D7F23B7219AC6A9600F3EE7B</string>
			<key>productType</key>
			<string>com.apple.product-type.bundle.unit-test</string>
		</dict>
		<key>D7F23B7219AC6A9600F3EE7B</key>
		<dict>
			<key>explicitFileType</key>
			<string>wrapper.cfbundle</string>
			<key>includeInIndex</key>
			<string>0</string>
			<key>isa</key>
			<string>PBXFileReference</string>
			<key>path</key>
			<string>MeekanSDKTests.xctest</string>
			<key>sourceTree</key>
			<string>BUILT_PRODUCTS_DIR</string>
		</dict>
		<key>D7F23B7319AC6A9600F3EE7B</key>
		<dict>
			<key>isa</key>
			<string>PBXFileReference</string>
			<key>lastKnownFileType</key>
			<string>wrapper.framework</string>
			<key>name</key>
			<string>XCTest.framework</string>
			<key>path</key>
			<string>Library/Frameworks/XCTest.framework</string>
			<key>sourceTree</key>
			<string>DEVELOPER_DIR</string>
		</dict>
		<key>D7F23B7419AC6A9600F3EE7B</key>
		<dict>
			<key>fileRef</key>
			<string>D7F23B7319AC6A9600F3EE7B</string>
			<key>isa</key>
			<string>PBXBuildFile</string>
		</dict>
		<key>D7F23B7519AC6A9600F3EE7B</key>
		<dict>
			<key>fileRef</key>
			<string>D7F23B6519AC6A9600F3EE7B</string>
			<key>isa</key>
			<string>PBXBuildFile</string>
		</dict>
		<key>D7F23B7619AC6A9600F3EE7B</key>
		<dict>
			<key>isa</key>
			<string>PBXFileReference</string>
			<key>lastKnownFileType</key>
			<string>wrapper.framework</string>
			<key>name</key>
			<string>UIKit.framework</string>
			<key>path</key>
			<string>Library/Frameworks/UIKit.framework</string>
			<key>sourceTree</key>
			<string>DEVELOPER_DIR</string>
		</dict>
		<key>D7F23B7719AC6A9600F3EE7B</key>
		<dict>
			<key>fileRef</key>
			<string>D7F23B7619AC6A9600F3EE7B</string>
			<key>isa</key>
			<string>PBXBuildFile</string>
		</dict>
		<key>D7F23B7819AC6A9600F3EE7B</key>
		<dict>
			<key>containerPortal</key>
			<string>D7F23B5A19AC6A9600F3EE7B</string>
			<key>isa</key>
			<string>PBXContainerItemProxy</string>
			<key>proxyType</key>
			<string>1</string>
			<key>remoteGlobalIDString</key>
			<string>D7F23B6119AC6A9600F3EE7B</string>
			<key>remoteInfo</key>
			<string>MeekanSDK</string>
		</dict>
		<key>D7F23B7919AC6A9600F3EE7B</key>
		<dict>
			<key>isa</key>
			<string>PBXTargetDependency</string>
			<key>target</key>
			<string>D7F23B6119AC6A9600F3EE7B</string>
			<key>targetProxy</key>
			<string>D7F23B7819AC6A9600F3EE7B</string>
		</dict>
		<key>D7F23B7A19AC6A9600F3EE7B</key>
		<dict>
			<key>fileRef</key>
			<string>D7F23B6219AC6A9600F3EE7B</string>
			<key>isa</key>
			<string>PBXBuildFile</string>
		</dict>
		<key>D7F23B7B19AC6A9600F3EE7B</key>
		<dict>
			<key>children</key>
			<array>
				<string>D7F23B8119AC6A9600F3EE7B</string>
				<string>D7F23B7C19AC6A9600F3EE7B</string>
			</array>
			<key>isa</key>
			<string>PBXGroup</string>
			<key>path</key>
			<string>MeekanSDKTests</string>
			<key>sourceTree</key>
			<string>&lt;group&gt;</string>
		</dict>
		<key>D7F23B7C19AC6A9600F3EE7B</key>
		<dict>
			<key>children</key>
			<array>
				<string>D7F23B7D19AC6A9600F3EE7B</string>
				<string>D7F23B7E19AC6A9600F3EE7B</string>
			</array>
			<key>isa</key>
			<string>PBXGroup</string>
			<key>name</key>
			<string>Supporting Files</string>
			<key>sourceTree</key>
			<string>&lt;group&gt;</string>
		</dict>
		<key>D7F23B7D19AC6A9600F3EE7B</key>
		<dict>
			<key>isa</key>
			<string>PBXFileReference</string>
			<key>lastKnownFileType</key>
			<string>text.plist.xml</string>
			<key>path</key>
			<string>MeekanSDKTests-Info.plist</string>
			<key>sourceTree</key>
			<string>&lt;group&gt;</string>
		</dict>
		<key>D7F23B7E19AC6A9600F3EE7B</key>
		<dict>
			<key>children</key>
			<array>
				<string>D7F23B7F19AC6A9600F3EE7B</string>
			</array>
			<key>isa</key>
			<string>PBXVariantGroup</string>
			<key>name</key>
			<string>InfoPlist.strings</string>
			<key>sourceTree</key>
			<string>&lt;group&gt;</string>
		</dict>
		<key>D7F23B7F19AC6A9600F3EE7B</key>
		<dict>
			<key>isa</key>
			<string>PBXFileReference</string>
			<key>lastKnownFileType</key>
			<string>text.plist.strings</string>
			<key>name</key>
			<string>en</string>
			<key>path</key>
			<string>en.lproj/InfoPlist.strings</string>
			<key>sourceTree</key>
			<string>&lt;group&gt;</string>
		</dict>
		<key>D7F23B8019AC6A9600F3EE7B</key>
		<dict>
			<key>fileRef</key>
			<string>D7F23B7E19AC6A9600F3EE7B</string>
			<key>isa</key>
			<string>PBXBuildFile</string>
		</dict>
		<key>D7F23B8119AC6A9600F3EE7B</key>
		<dict>
			<key>isa</key>
			<string>PBXFileReference</string>
			<key>lastKnownFileType</key>
			<string>sourcecode.c.objc</string>
			<key>path</key>
			<string>MeekanSDKTests.m</string>
			<key>sourceTree</key>
			<string>&lt;group&gt;</string>
		</dict>
		<key>D7F23B8219AC6A9600F3EE7B</key>
		<dict>
			<key>fileRef</key>
			<string>D7F23B8119AC6A9600F3EE7B</string>
			<key>isa</key>
			<string>PBXBuildFile</string>
		</dict>
		<key>D7F23B8319AC6A9600F3EE7B</key>
		<dict>
			<key>buildSettings</key>
			<dict>
				<key>ALWAYS_SEARCH_USER_PATHS</key>
				<string>NO</string>
				<key>CLANG_CXX_LANGUAGE_STANDARD</key>
				<string>gnu++0x</string>
				<key>CLANG_CXX_LIBRARY</key>
				<string>libc++</string>
				<key>CLANG_ENABLE_MODULES</key>
				<string>YES</string>
				<key>CLANG_ENABLE_OBJC_ARC</key>
				<string>YES</string>
				<key>CLANG_WARN_BOOL_CONVERSION</key>
				<string>YES</string>
				<key>CLANG_WARN_CONSTANT_CONVERSION</key>
				<string>YES</string>
				<key>CLANG_WARN_DIRECT_OBJC_ISA_USAGE</key>
				<string>YES_ERROR</string>
				<key>CLANG_WARN_EMPTY_BODY</key>
				<string>YES</string>
				<key>CLANG_WARN_ENUM_CONVERSION</key>
				<string>YES</string>
				<key>CLANG_WARN_INT_CONVERSION</key>
				<string>YES</string>
				<key>CLANG_WARN_OBJC_ROOT_CLASS</key>
				<string>YES_ERROR</string>
				<key>CLANG_WARN__DUPLICATE_METHOD_MATCH</key>
				<string>YES</string>
				<key>COPY_PHASE_STRIP</key>
				<string>NO</string>
				<key>GCC_C_LANGUAGE_STANDARD</key>
				<string>gnu99</string>
				<key>GCC_DYNAMIC_NO_PIC</key>
				<string>NO</string>
				<key>GCC_OPTIMIZATION_LEVEL</key>
				<string>0</string>
				<key>GCC_PREPROCESSOR_DEFINITIONS</key>
				<array>
					<string>DEBUG=1</string>
					<string>$(inherited)</string>
				</array>
				<key>GCC_SYMBOLS_PRIVATE_EXTERN</key>
				<string>NO</string>
				<key>GCC_WARN_64_TO_32_BIT_CONVERSION</key>
				<string>YES</string>
				<key>GCC_WARN_ABOUT_RETURN_TYPE</key>
				<string>YES_ERROR</string>
				<key>GCC_WARN_UNDECLARED_SELECTOR</key>
				<string>YES</string>
				<key>GCC_WARN_UNINITIALIZED_AUTOS</key>
				<string>YES_AGGRESSIVE</string>
				<key>GCC_WARN_UNUSED_FUNCTION</key>
				<string>YES</string>
				<key>GCC_WARN_UNUSED_VARIABLE</key>
				<string>YES</string>
				<key>IPHONEOS_DEPLOYMENT_TARGET</key>
				<string>7.1</string>
				<key>ONLY_ACTIVE_ARCH</key>
				<string>YES</string>
				<key>SDKROOT</key>
				<string>iphoneos</string>
			</dict>
			<key>isa</key>
			<string>XCBuildConfiguration</string>
			<key>name</key>
			<string>Debug</string>
		</dict>
		<key>D7F23B8419AC6A9600F3EE7B</key>
		<dict>
			<key>buildSettings</key>
			<dict>
				<key>ALWAYS_SEARCH_USER_PATHS</key>
				<string>NO</string>
				<key>CLANG_CXX_LANGUAGE_STANDARD</key>
				<string>gnu++0x</string>
				<key>CLANG_CXX_LIBRARY</key>
				<string>libc++</string>
				<key>CLANG_ENABLE_MODULES</key>
				<string>YES</string>
				<key>CLANG_ENABLE_OBJC_ARC</key>
				<string>YES</string>
				<key>CLANG_WARN_BOOL_CONVERSION</key>
				<string>YES</string>
				<key>CLANG_WARN_CONSTANT_CONVERSION</key>
				<string>YES</string>
				<key>CLANG_WARN_DIRECT_OBJC_ISA_USAGE</key>
				<string>YES_ERROR</string>
				<key>CLANG_WARN_EMPTY_BODY</key>
				<string>YES</string>
				<key>CLANG_WARN_ENUM_CONVERSION</key>
				<string>YES</string>
				<key>CLANG_WARN_INT_CONVERSION</key>
				<string>YES</string>
				<key>CLANG_WARN_OBJC_ROOT_CLASS</key>
				<string>YES_ERROR</string>
				<key>CLANG_WARN__DUPLICATE_METHOD_MATCH</key>
				<string>YES</string>
				<key>COPY_PHASE_STRIP</key>
				<string>YES</string>
				<key>ENABLE_NS_ASSERTIONS</key>
				<string>NO</string>
				<key>GCC_C_LANGUAGE_STANDARD</key>
				<string>gnu99</string>
				<key>GCC_WARN_64_TO_32_BIT_CONVERSION</key>
				<string>YES</string>
				<key>GCC_WARN_ABOUT_RETURN_TYPE</key>
				<string>YES_ERROR</string>
				<key>GCC_WARN_UNDECLARED_SELECTOR</key>
				<string>YES</string>
				<key>GCC_WARN_UNINITIALIZED_AUTOS</key>
				<string>YES_AGGRESSIVE</string>
				<key>GCC_WARN_UNUSED_FUNCTION</key>
				<string>YES</string>
				<key>GCC_WARN_UNUSED_VARIABLE</key>
				<string>YES</string>
				<key>IPHONEOS_DEPLOYMENT_TARGET</key>
				<string>7.1</string>
				<key>SDKROOT</key>
				<string>iphoneos</string>
				<key>VALIDATE_PRODUCT</key>
				<string>YES</string>
			</dict>
			<key>isa</key>
			<string>XCBuildConfiguration</string>
			<key>name</key>
			<string>Release</string>
		</dict>
		<key>D7F23B8519AC6A9600F3EE7B</key>
		<dict>
			<key>buildConfigurations</key>
			<array>
				<string>D7F23B8619AC6A9600F3EE7B</string>
				<string>D7F23B8719AC6A9600F3EE7B</string>
			</array>
			<key>defaultConfigurationIsVisible</key>
			<string>0</string>
			<key>isa</key>
			<string>XCConfigurationList</string>
		</dict>
		<key>D7F23B8619AC6A9600F3EE7B</key>
		<dict>
			<key>baseConfigurationReference</key>
			<string>2FD3154E5E2B44E49188D387</string>
			<key>buildSettings</key>
			<dict>
				<key>DSTROOT</key>
				<string>/tmp/MeekanSDK.dst</string>
				<key>GCC_PRECOMPILE_PREFIX_HEADER</key>
				<string>YES</string>
				<key>GCC_PREFIX_HEADER</key>
				<string>MeekanSDK/MeekanSDK-Prefix.pch</string>
				<key>OTHER_LDFLAGS</key>
				<string>-ObjC</string>
				<key>PRODUCT_NAME</key>
				<string>$(TARGET_NAME)</string>
				<key>SKIP_INSTALL</key>
				<string>YES</string>
			</dict>
			<key>isa</key>
			<string>XCBuildConfiguration</string>
			<key>name</key>
			<string>Debug</string>
		</dict>
		<key>D7F23B8719AC6A9600F3EE7B</key>
		<dict>
			<key>baseConfigurationReference</key>
			<string>2FD3154E5E2B44E49188D387</string>
			<key>buildSettings</key>
			<dict>
				<key>DSTROOT</key>
				<string>/tmp/MeekanSDK.dst</string>
				<key>GCC_PRECOMPILE_PREFIX_HEADER</key>
				<string>YES</string>
				<key>GCC_PREFIX_HEADER</key>
				<string>MeekanSDK/MeekanSDK-Prefix.pch</string>
				<key>OTHER_LDFLAGS</key>
				<string>-ObjC</string>
				<key>PRODUCT_NAME</key>
				<string>$(TARGET_NAME)</string>
				<key>SKIP_INSTALL</key>
				<string>YES</string>
			</dict>
			<key>isa</key>
			<string>XCBuildConfiguration</string>
			<key>name</key>
			<string>Release</string>
		</dict>
		<key>D7F23B8819AC6A9600F3EE7B</key>
		<dict>
			<key>buildConfigurations</key>
			<array>
				<string>D7F23B8919AC6A9600F3EE7B</string>
				<string>D7F23B8A19AC6A9600F3EE7B</string>
			</array>
			<key>defaultConfigurationIsVisible</key>
			<string>0</string>
			<key>isa</key>
			<string>XCConfigurationList</string>
		</dict>
		<key>D7F23B8919AC6A9600F3EE7B</key>
		<dict>
			<key>buildSettings</key>
			<dict>
				<key>FRAMEWORK_SEARCH_PATHS</key>
				<array>
					<string>$(SDKROOT)/Developer/Library/Frameworks</string>
					<string>$(inherited)</string>
					<string>$(DEVELOPER_FRAMEWORKS_DIR)</string>
				</array>
				<key>GCC_PRECOMPILE_PREFIX_HEADER</key>
				<string>YES</string>
				<key>GCC_PREFIX_HEADER</key>
				<string>MeekanSDK/MeekanSDK-Prefix.pch</string>
				<key>GCC_PREPROCESSOR_DEFINITIONS</key>
				<array>
					<string>DEBUG=1</string>
					<string>$(inherited)</string>
				</array>
				<key>INFOPLIST_FILE</key>
				<string>MeekanSDKTests/MeekanSDKTests-Info.plist</string>
				<key>PRODUCT_NAME</key>
				<string>$(TARGET_NAME)</string>
				<key>WRAPPER_EXTENSION</key>
				<string>xctest</string>
			</dict>
			<key>isa</key>
			<string>XCBuildConfiguration</string>
			<key>name</key>
			<string>Debug</string>
		</dict>
		<key>D7F23B8A19AC6A9600F3EE7B</key>
		<dict>
			<key>buildSettings</key>
			<dict>
				<key>FRAMEWORK_SEARCH_PATHS</key>
				<array>
					<string>$(SDKROOT)/Developer/Library/Frameworks</string>
					<string>$(inherited)</string>
					<string>$(DEVELOPER_FRAMEWORKS_DIR)</string>
				</array>
				<key>GCC_PRECOMPILE_PREFIX_HEADER</key>
				<string>YES</string>
				<key>GCC_PREFIX_HEADER</key>
				<string>MeekanSDK/MeekanSDK-Prefix.pch</string>
				<key>INFOPLIST_FILE</key>
				<string>MeekanSDKTests/MeekanSDKTests-Info.plist</string>
				<key>PRODUCT_NAME</key>
				<string>$(TARGET_NAME)</string>
				<key>WRAPPER_EXTENSION</key>
				<string>xctest</string>
			</dict>
			<key>isa</key>
			<string>XCBuildConfiguration</string>
			<key>name</key>
			<string>Release</string>
		</dict>
	</dict>
	<key>rootObject</key>
	<string>D7F23B5A19AC6A9600F3EE7B</string>
</dict>
</plist>
